# This file is automatically @generated by Poetry and should not be changed by hand.

[[package]]
name = "maturin"
version = "0.14.6"
description = "Build and publish crates with pyo3, rust-cpython and cffi bindings as well as rust binaries as python packages"
category = "main"
optional = false
python-versions = ">=3.7"
files = [
    {file = "maturin-0.14.6-py3-none-linux_armv6l.whl", hash = "sha256:6bc21576a6261f7b88eb467e794d9824f5ef9aef57396ffaaf625e329e0c3c4c"},
    {file = "maturin-0.14.6-py3-none-macosx_10_7_x86_64.whl", hash = "sha256:ad20875b5a44bc51b2cbc4eadec5fb4a5d5332a21eb55ffe26961bb30b497e65"},
    {file = "maturin-0.14.6-py3-none-macosx_10_9_x86_64.macosx_10_9_arm64.macosx_10_9_universal2.whl", hash = "sha256:de9f1577fe421ffe9b22b4465ef082ca24349952bc4d236a6ab76edd9d04e889"},
    {file = "maturin-0.14.6-py3-none-manylinux_2_12_i686.manylinux2010_i686.musllinux_1_1_i686.whl", hash = "sha256:9be53311235473351e6318fd25bd35bf7685eb8dab987e09487313b240abb63c"},
    {file = "maturin-0.14.6-py3-none-manylinux_2_12_x86_64.manylinux2010_x86_64.musllinux_1_1_x86_64.whl", hash = "sha256:5cacccb60a02819c32e2743baa953b9f3a4c43ea065ec1842a3d4d01db26fbc4"},
    {file = "maturin-0.14.6-py3-none-manylinux_2_17_aarch64.manylinux2014_aarch64.musllinux_1_1_aarch64.whl", hash = "sha256:47f47f36af28b36b4af725d32587ec802df21914e475d2b10adc6a83b59f13e6"},
    {file = "maturin-0.14.6-py3-none-manylinux_2_17_armv7l.manylinux2014_armv7l.musllinux_1_1_armv7l.whl", hash = "sha256:9e9e6cd6d4884c25e053de10f9eba152adc9598e00c4fc9d4abe90636f42fdef"},
    {file = "maturin-0.14.6-py3-none-manylinux_2_17_ppc64le.manylinux2014_ppc64le.musllinux_1_1_ppc64le.whl", hash = "sha256:94eefb5629af1f77ed369f66154ca811c20bf75964edf47783783a10dee41cb9"},
    {file = "maturin-0.14.6-py3-none-manylinux_2_17_s390x.manylinux2014_s390x.whl", hash = "sha256:e7234801d48d65c2176d1f9e4e1a373c15c2ee9cd4df3a0e3796513eae3ebb3d"},
    {file = "maturin-0.14.6-py3-none-win32.whl", hash = "sha256:09a45f7ca1c7b8a64af76d164536c361156f7368bcf4e8933988ed05e47f79da"},
    {file = "maturin-0.14.6-py3-none-win_amd64.whl", hash = "sha256:7adc959064e770554be4022e15ee336d2dfe0d0a2997e5517d4533ea5d2d0622"},
    {file = "maturin-0.14.6-py3-none-win_arm64.whl", hash = "sha256:bc04ddf1fb8acfeec59ead17c8fd89db39d708f548571461d5f6899bd0b759a2"},
    {file = "maturin-0.14.6.tar.gz", hash = "sha256:021e0b557e907027a6c7f10968635fd4c15522eee0688fed031b1ac6240ecac4"},
]

[package.extras]
patchelf = ["patchelf"]
zig = ["ziglang (>=0.10.0,<0.11.0)"]

[metadata]
lock-version = "2.0"
python-versions = "^3.11"
content-hash = "3acce8e7ba7ac37994848246c8a619c6f0b38868bb2a17b897c2b54b5c464c2a"
